
Microsoft Visual Studio Solution File, Format Version 12.00
# Visual Studio 2012
Project("{FAE04EC0-301F-11D3-BF4B-00C04F79EFBC}") = "TipCalc.Core", "TipCalc.Core\TipCalc.Core.csproj", "{393C2262-B00A-421D-A482-A3A37E5EDD90}"
EndProject
Project("{FAE04EC0-301F-11D3-BF4B-00C04F79EFBC}") = "TipCalc.Android", "TipCalc.Android\TipCalc.Android.csproj", "{2030FF92-616E-479D-8971-05E5DF34BE04}"
EndProject
Project("{FAE04EC0-301F-11D3-BF4B-00C04F79EFBC}") = "TipCalc.Android.Linked", "TipCalc.Android.Linked\TipCalc.Android.Linked\TipCalc.Android.Linked.csproj", "{E2ED5901-D4FF-492A-AA31-684D5BB6531C}"
EndProject
Project("{FAE04EC0-301F-11D3-BF4B-00C04F79EFBC}") = "TipCalc.iOS.Linked", "TipCalc.iOS.Linked\TipCalc.iOS.Linked.csproj", "{BD3F2048-C650-48A3-AF2F-669A72F13C37}"
EndProject
Project("{FAE04EC0-301F-11D3-BF4B-00C04F79EFBC}") = "TipCalc.iOS", "TipCalc.iOS\TipCalc.iOS.csproj", "{D707705E-FD0F-44BC-A220-21CFBC8D57D4}"
EndProject
Global
	GlobalSection(SolutionConfigurationPlatforms) = preSolution
		Ad-Hoc|Any CPU = Ad-Hoc|Any CPU
		Ad-Hoc|iPhone = Ad-Hoc|iPhone
		Ad-Hoc|iPhoneSimulator = Ad-Hoc|iPhoneSimulator
		Ad-Hoc|Mixed Platforms = Ad-Hoc|Mixed Platforms
		AppStore|Any CPU = AppStore|Any CPU
		AppStore|iPhone = AppStore|iPhone
		AppStore|iPhoneSimulator = AppStore|iPhoneSimulator
		AppStore|Mixed Platforms = AppStore|Mixed Platforms
		Debug|Any CPU = Debug|Any CPU
		Debug|iPhone = Debug|iPhone
		Debug|iPhoneSimulator = Debug|iPhoneSimulator
		Debug|Mixed Platforms = Debug|Mixed Platforms
		Release|Any CPU = Release|Any CPU
		Release|iPhone = Release|iPhone
		Release|iPhoneSimulator = Release|iPhoneSimulator
		Release|Mixed Platforms = Release|Mixed Platforms
	EndGlobalSection
	GlobalSection(ProjectConfigurationPlatforms) = postSolution
		{2030FF92-616E-479D-8971-05E5DF34BE04}.Ad-Hoc|Any CPU.ActiveCfg = Release|Any CPU
		{2030FF92-616E-479D-8971-05E5DF34BE04}.Ad-Hoc|Any CPU.Build.0 = Release|Any CPU
		{2030FF92-616E-479D-8971-05E5DF34BE04}.Ad-Hoc|Any CPU.Deploy.0 = Release|Any CPU
		{2030FF92-616E-479D-8971-05E5DF34BE04}.Ad-Hoc|iPhone.ActiveCfg = Release|Any CPU
		{2030FF92-616E-479D-8971-05E5DF34BE04}.Ad-Hoc|iPhoneSimulator.ActiveCfg = Release|Any CPU
		{2030FF92-616E-479D-8971-05E5DF34BE04}.Ad-Hoc|Mixed Platforms.ActiveCfg = Release|Any CPU
		{2030FF92-616E-479D-8971-05E5DF34BE04}.Ad-Hoc|Mixed Platforms.Build.0 = Release|Any CPU
		{2030FF92-616E-479D-8971-05E5DF34BE04}.Ad-Hoc|Mixed Platforms.Deploy.0 = Release|Any CPU
		{2030FF92-616E-479D-8971-05E5DF34BE04}.AppStore|Any CPU.ActiveCfg = Release|Any CPU
		{2030FF92-616E-479D-8971-05E5DF34BE04}.AppStore|Any CPU.Build.0 = Release|Any CPU
		{2030FF92-616E-479D-8971-05E5DF34BE04}.AppStore|Any CPU.Deploy.0 = Release|Any CPU
		{2030FF92-616E-479D-8971-05E5DF34BE04}.AppStore|iPhone.ActiveCfg = Release|Any CPU
		{2030FF92-616E-479D-8971-05E5DF34BE04}.AppStore|iPhoneSimulator.ActiveCfg = Release|Any CPU
		{2030FF92-616E-479D-8971-05E5DF34BE04}.AppStore|Mixed Platforms.ActiveCfg = Release|Any CPU
		{2030FF92-616E-479D-8971-05E5DF34BE04}.AppStore|Mixed Platforms.Build.0 = Release|Any CPU
		{2030FF92-616E-479D-8971-05E5DF34BE04}.AppStore|Mixed Platforms.Deploy.0 = Release|Any CPU
		{2030FF92-616E-479D-8971-05E5DF34BE04}.Debug|Any CPU.ActiveCfg = Debug|Any CPU
		{2030FF92-616E-479D-8971-05E5DF34BE04}.Debug|Any CPU.Build.0 = Debug|Any CPU
		{2030FF92-616E-479D-8971-05E5DF34BE04}.Debug|Any CPU.Deploy.0 = Debug|Any CPU
		{2030FF92-616E-479D-8971-05E5DF34BE04}.Debug|iPhone.ActiveCfg = Debug|Any CPU
		{2030FF92-616E-479D-8971-05E5DF34BE04}.Debug|iPhoneSimulator.ActiveCfg = Debug|Any CPU
		{2030FF92-616E-479D-8971-05E5DF34BE04}.Debug|Mixed Platforms.ActiveCfg = Debug|Any CPU
		{2030FF92-616E-479D-8971-05E5DF34BE04}.Debug|Mixed Platforms.Build.0 = Debug|Any CPU
		{2030FF92-616E-479D-8971-05E5DF34BE04}.Debug|Mixed Platforms.Deploy.0 = Debug|Any CPU
		{2030FF92-616E-479D-8971-05E5DF34BE04}.Release|Any CPU.ActiveCfg = Release|Any CPU
		{2030FF92-616E-479D-8971-05E5DF34BE04}.Release|Any CPU.Build.0 = Release|Any CPU
		{2030FF92-616E-479D-8971-05E5DF34BE04}.Release|Any CPU.Deploy.0 = Release|Any CPU
		{2030FF92-616E-479D-8971-05E5DF34BE04}.Release|iPhone.ActiveCfg = Release|Any CPU
		{2030FF92-616E-479D-8971-05E5DF34BE04}.Release|iPhoneSimulator.ActiveCfg = Release|Any CPU
		{2030FF92-616E-479D-8971-05E5DF34BE04}.Release|Mixed Platforms.ActiveCfg = Release|Any CPU
		{2030FF92-616E-479D-8971-05E5DF34BE04}.Release|Mixed Platforms.Build.0 = Release|Any CPU
		{2030FF92-616E-479D-8971-05E5DF34BE04}.Release|Mixed Platforms.Deploy.0 = Release|Any CPU
		{393C2262-B00A-421D-A482-A3A37E5EDD90}.Ad-Hoc|Any CPU.ActiveCfg = Release|Any CPU
		{393C2262-B00A-421D-A482-A3A37E5EDD90}.Ad-Hoc|Any CPU.Build.0 = Release|Any CPU
		{393C2262-B00A-421D-A482-A3A37E5EDD90}.Ad-Hoc|iPhone.ActiveCfg = Release|Any CPU
		{393C2262-B00A-421D-A482-A3A37E5EDD90}.Ad-Hoc|iPhoneSimulator.ActiveCfg = Release|Any CPU
		{393C2262-B00A-421D-A482-A3A37E5EDD90}.Ad-Hoc|Mixed Platforms.ActiveCfg = Release|Any CPU
		{393C2262-B00A-421D-A482-A3A37E5EDD90}.Ad-Hoc|Mixed Platforms.Build.0 = Release|Any CPU
		{393C2262-B00A-421D-A482-A3A37E5EDD90}.AppStore|Any CPU.ActiveCfg = Release|Any CPU
		{393C2262-B00A-421D-A482-A3A37E5EDD90}.AppStore|Any CPU.Build.0 = Release|Any CPU
		{393C2262-B00A-421D-A482-A3A37E5EDD90}.AppStore|iPhone.ActiveCfg = Release|Any CPU
		{393C2262-B00A-421D-A482-A3A37E5EDD90}.AppStore|iPhoneSimulator.ActiveCfg = Release|Any CPU
		{393C2262-B00A-421D-A482-A3A37E5EDD90}.AppStore|Mixed Platforms.ActiveCfg = Release|Any CPU
		{393C2262-B00A-421D-A482-A3A37E5EDD90}.AppStore|Mixed Platforms.Build.0 = Release|Any CPU
		{393C2262-B00A-421D-A482-A3A37E5EDD90}.Debug|Any CPU.ActiveCfg = Debug|Any CPU
		{393C2262-B00A-421D-A482-A3A37E5EDD90}.Debug|Any CPU.Build.0 = Debug|Any CPU
		{393C2262-B00A-421D-A482-A3A37E5EDD90}.Debug|iPhone.ActiveCfg = Debug|Any CPU
		{393C2262-B00A-421D-A482-A3A37E5EDD90}.Debug|iPhoneSimulator.ActiveCfg = Debug|Any CPU
		{393C2262-B00A-421D-A482-A3A37E5EDD90}.Debug|Mixed Platforms.ActiveCfg = Debug|Any CPU
		{393C2262-B00A-421D-A482-A3A37E5EDD90}.Debug|Mixed Platforms.Build.0 = Debug|Any CPU
		{393C2262-B00A-421D-A482-A3A37E5EDD90}.Release|Any CPU.ActiveCfg = Release|Any CPU
		{393C2262-B00A-421D-A482-A3A37E5EDD90}.Release|Any CPU.Build.0 = Release|Any CPU
		{393C2262-B00A-421D-A482-A3A37E5EDD90}.Release|iPhone.ActiveCfg = Release|Any CPU
		{393C2262-B00A-421D-A482-A3A37E5EDD90}.Release|iPhoneSimulator.ActiveCfg = Release|Any CPU
		{393C2262-B00A-421D-A482-A3A37E5EDD90}.Release|Mixed Platforms.ActiveCfg = Release|Any CPU
		{393C2262-B00A-421D-A482-A3A37E5EDD90}.Release|Mixed Platforms.Build.0 = Release|Any CPU
		{BD3F2048-C650-48A3-AF2F-669A72F13C37}.Ad-Hoc|Any CPU.ActiveCfg = Release|Any CPU
		{BD3F2048-C650-48A3-AF2F-669A72F13C37}.Ad-Hoc|Any CPU.Build.0 = Release|Any CPU
		{BD3F2048-C650-48A3-AF2F-669A72F13C37}.Ad-Hoc|iPhone.ActiveCfg = Release|Any CPU
		{BD3F2048-C650-48A3-AF2F-669A72F13C37}.Ad-Hoc|iPhoneSimulator.ActiveCfg = Release|Any CPU
		{BD3F2048-C650-48A3-AF2F-669A72F13C37}.Ad-Hoc|Mixed Platforms.ActiveCfg = Release|Any CPU
		{BD3F2048-C650-48A3-AF2F-669A72F13C37}.Ad-Hoc|Mixed Platforms.Build.0 = Release|Any CPU
		{BD3F2048-C650-48A3-AF2F-669A72F13C37}.AppStore|Any CPU.ActiveCfg = Release|Any CPU
		{BD3F2048-C650-48A3-AF2F-669A72F13C37}.AppStore|Any CPU.Build.0 = Release|Any CPU
		{BD3F2048-C650-48A3-AF2F-669A72F13C37}.AppStore|iPhone.ActiveCfg = Release|Any CPU
		{BD3F2048-C650-48A3-AF2F-669A72F13C37}.AppStore|iPhoneSimulator.ActiveCfg = Release|Any CPU
		{BD3F2048-C650-48A3-AF2F-669A72F13C37}.AppStore|Mixed Platforms.ActiveCfg = Release|Any CPU
		{BD3F2048-C650-48A3-AF2F-669A72F13C37}.AppStore|Mixed Platforms.Build.0 = Release|Any CPU
		{BD3F2048-C650-48A3-AF2F-669A72F13C37}.Debug|Any CPU.ActiveCfg = Debug|Any CPU
		{BD3F2048-C650-48A3-AF2F-669A72F13C37}.Debug|Any CPU.Build.0 = Debug|Any CPU
		{BD3F2048-C650-48A3-AF2F-669A72F13C37}.Debug|iPhone.ActiveCfg = Debug|Any CPU
		{BD3F2048-C650-48A3-AF2F-669A72F13C37}.Debug|iPhoneSimulator.ActiveCfg = Debug|Any CPU
		{BD3F2048-C650-48A3-AF2F-669A72F13C37}.Debug|Mixed Platforms.ActiveCfg = Debug|Any CPU
		{BD3F2048-C650-48A3-AF2F-669A72F13C37}.Debug|Mixed Platforms.Build.0 = Debug|Any CPU
		{BD3F2048-C650-48A3-AF2F-669A72F13C37}.Release|Any CPU.ActiveCfg = Release|Any CPU
		{BD3F2048-C650-48A3-AF2F-669A72F13C37}.Release|Any CPU.Build.0 = Release|Any CPU
		{BD3F2048-C650-48A3-AF2F-669A72F13C37}.Release|iPhone.ActiveCfg = Release|Any CPU
		{BD3F2048-C650-48A3-AF2F-669A72F13C37}.Release|iPhoneSimulator.ActiveCfg = Release|Any CPU
		{BD3F2048-C650-48A3-AF2F-669A72F13C37}.Release|Mixed Platforms.ActiveCfg = Release|Any CPU
		{BD3F2048-C650-48A3-AF2F-669A72F13C37}.Release|Mixed Platforms.Build.0 = Release|Any CPU
		{D707705E-FD0F-44BC-A220-21CFBC8D57D4}.Ad-Hoc|Any CPU.ActiveCfg = Ad-Hoc|iPhone
		{D707705E-FD0F-44BC-A220-21CFBC8D57D4}.Ad-Hoc|iPhone.ActiveCfg = Ad-Hoc|iPhone
		{D707705E-FD0F-44BC-A220-21CFBC8D57D4}.Ad-Hoc|iPhone.Build.0 = Ad-Hoc|iPhone
		{D707705E-FD0F-44BC-A220-21CFBC8D57D4}.Ad-Hoc|iPhone.Deploy.0 = Ad-Hoc|iPhone
		{D707705E-FD0F-44BC-A220-21CFBC8D57D4}.Ad-Hoc|iPhoneSimulator.ActiveCfg = Ad-Hoc|iPhoneSimulator
		{D707705E-FD0F-44BC-A220-21CFBC8D57D4}.Ad-Hoc|iPhoneSimulator.Build.0 = Ad-Hoc|iPhoneSimulator
		{D707705E-FD0F-44BC-A220-21CFBC8D57D4}.Ad-Hoc|iPhoneSimulator.Deploy.0 = Ad-Hoc|iPhoneSimulator
		{D707705E-FD0F-44BC-A220-21CFBC8D57D4}.Ad-Hoc|Mixed Platforms.ActiveCfg = Ad-Hoc|iPhone
		{D707705E-FD0F-44BC-A220-21CFBC8D57D4}.Ad-Hoc|Mixed Platforms.Build.0 = Ad-Hoc|iPhone
		{D707705E-FD0F-44BC-A220-21CFBC8D57D4}.Ad-Hoc|Mixed Platforms.Deploy.0 = Ad-Hoc|iPhone
		{D707705E-FD0F-44BC-A220-21CFBC8D57D4}.AppStore|Any CPU.ActiveCfg = AppStore|iPhone
		{D707705E-FD0F-44BC-A220-21CFBC8D57D4}.AppStore|iPhone.ActiveCfg = AppStore|iPhone
		{D707705E-FD0F-44BC-A220-21CFBC8D57D4}.AppStore|iPhone.Build.0 = AppStore|iPhone
		{D707705E-FD0F-44BC-A220-21CFBC8D57D4}.AppStore|iPhone.Deploy.0 = AppStore|iPhone
		{D707705E-FD0F-44BC-A220-21CFBC8D57D4}.AppStore|iPhoneSimulator.ActiveCfg = AppStore|iPhoneSimulator
		{D707705E-FD0F-44BC-A220-21CFBC8D57D4}.AppStore|iPhoneSimulator.Build.0 = AppStore|iPhoneSimulator
		{D707705E-FD0F-44BC-A220-21CFBC8D57D4}.AppStore|iPhoneSimulator.Deploy.0 = AppStore|iPhoneSimulator
		{D707705E-FD0F-44BC-A220-21CFBC8D57D4}.AppStore|Mixed Platforms.ActiveCfg = AppStore|iPhone
		{D707705E-FD0F-44BC-A220-21CFBC8D57D4}.AppStore|Mixed Platforms.Build.0 = AppStore|iPhone
		{D707705E-FD0F-44BC-A220-21CFBC8D57D4}.AppStore|Mixed Platforms.Deploy.0 = AppStore|iPhone
		{D707705E-FD0F-44BC-A220-21CFBC8D57D4}.Debug|Any CPU.ActiveCfg = Debug|iPhone
		{D707705E-FD0F-44BC-A220-21CFBC8D57D4}.Debug|iPhone.ActiveCfg = Debug|iPhone
		{D707705E-FD0F-44BC-A220-21CFBC8D57D4}.Debug|iPhone.Build.0 = Debug|iPhone
		{D707705E-FD0F-44BC-A220-21CFBC8D57D4}.Debug|iPhone.Deploy.0 = Debug|iPhone
		{D707705E-FD0F-44BC-A220-21CFBC8D57D4}.Debug|iPhoneSimulator.ActiveCfg = Debug|iPhoneSimulator
		{D707705E-FD0F-44BC-A220-21CFBC8D57D4}.Debug|iPhoneSimulator.Build.0 = Debug|iPhoneSimulator
		{D707705E-FD0F-44BC-A220-21CFBC8D57D4}.Debug|iPhoneSimulator.Deploy.0 = Debug|iPhoneSimulator
		{D707705E-FD0F-44BC-A220-21CFBC8D57D4}.Debug|Mixed Platforms.ActiveCfg = Debug|iPhone
		{D707705E-FD0F-44BC-A220-21CFBC8D57D4}.Debug|Mixed Platforms.Build.0 = Debug|iPhone
		{D707705E-FD0F-44BC-A220-21CFBC8D57D4}.Debug|Mixed Platforms.Deploy.0 = Debug|iPhone
		{D707705E-FD0F-44BC-A220-21CFBC8D57D4}.Release|Any CPU.ActiveCfg = Release|iPhone
		{D707705E-FD0F-44BC-A220-21CFBC8D57D4}.Release|iPhone.ActiveCfg = Release|iPhone
		{D707705E-FD0F-44BC-A220-21CFBC8D57D4}.Release|iPhone.Build.0 = Release|iPhone
		{D707705E-FD0F-44BC-A220-21CFBC8D57D4}.Release|iPhone.Deploy.0 = Release|iPhone
		{D707705E-FD0F-44BC-A220-21CFBC8D57D4}.Release|iPhoneSimulator.ActiveCfg = Release|iPhoneSimulator
		{D707705E-FD0F-44BC-A220-21CFBC8D57D4}.Release|iPhoneSimulator.Build.0 = Release|iPhoneSimulator
		{D707705E-FD0F-44BC-A220-21CFBC8D57D4}.Release|iPhoneSimulator.Deploy.0 = Release|iPhoneSimulator
		{D707705E-FD0F-44BC-A220-21CFBC8D57D4}.Release|Mixed Platforms.ActiveCfg = Release|iPhone
		{D707705E-FD0F-44BC-A220-21CFBC8D57D4}.Release|Mixed Platforms.Build.0 = Release|iPhone
		{D707705E-FD0F-44BC-A220-21CFBC8D57D4}.Release|Mixed Platforms.Deploy.0 = Release|iPhone
		{E2ED5901-D4FF-492A-AA31-684D5BB6531C}.Ad-Hoc|Any CPU.ActiveCfg = Release|Any CPU
		{E2ED5901-D4FF-492A-AA31-684D5BB6531C}.Ad-Hoc|Any CPU.Build.0 = Release|Any CPU
		{E2ED5901-D4FF-492A-AA31-684D5BB6531C}.Ad-Hoc|iPhone.ActiveCfg = Release|Any CPU
		{E2ED5901-D4FF-492A-AA31-684D5BB6531C}.Ad-Hoc|iPhoneSimulator.ActiveCfg = Release|Any CPU
		{E2ED5901-D4FF-492A-AA31-684D5BB6531C}.Ad-Hoc|Mixed Platforms.ActiveCfg = Release|Any CPU
		{E2ED5901-D4FF-492A-AA31-684D5BB6531C}.Ad-Hoc|Mixed Platforms.Build.0 = Release|Any CPU
		{E2ED5901-D4FF-492A-AA31-684D5BB6531C}.AppStore|Any CPU.ActiveCfg = Release|Any CPU
		{E2ED5901-D4FF-492A-AA31-684D5BB6531C}.AppStore|Any CPU.Build.0 = Release|Any CPU
		{E2ED5901-D4FF-492A-AA31-684D5BB6531C}.AppStore|iPhone.ActiveCfg = Release|Any CPU
		{E2ED5901-D4FF-492A-AA31-684D5BB6531C}.AppStore|iPhoneSimulator.ActiveCfg = Release|Any CPU
		{E2ED5901-D4FF-492A-AA31-684D5BB6531C}.AppStore|Mixed Platforms.ActiveCfg = Release|Any CPU
		{E2ED5901-D4FF-492A-AA31-684D5BB6531C}.AppStore|Mixed Platforms.Build.0 = Release|Any CPU
		{E2ED5901-D4FF-492A-AA31-684D5BB6531C}.Debug|Any CPU.ActiveCfg = Debug|Any CPU
		{E2ED5901-D4FF-492A-AA31-684D5BB6531C}.Debug|Any CPU.Build.0 = Debug|Any CPU
		{E2ED5901-D4FF-492A-AA31-684D5BB6531C}.Debug|iPhone.ActiveCfg = Debug|Any CPU
		{E2ED5901-D4FF-492A-AA31-684D5BB6531C}.Debug|iPhoneSimulator.ActiveCfg = Debug|Any CPU
		{E2ED5901-D4FF-492A-AA31-684D5BB6531C}.Debug|Mixed Platforms.ActiveCfg = Debug|Any CPU
		{E2ED5901-D4FF-492A-AA31-684D5BB6531C}.Debug|Mixed Platforms.Build.0 = Debug|Any CPU
		{E2ED5901-D4FF-492A-AA31-684D5BB6531C}.Release|Any CPU.ActiveCfg = Release|Any CPU
		{E2ED5901-D4FF-492A-AA31-684D5BB6531C}.Release|Any CPU.Build.0 = Release|Any CPU
		{E2ED5901-D4FF-492A-AA31-684D5BB6531C}.Release|iPhone.ActiveCfg = Release|Any CPU
		{E2ED5901-D4FF-492A-AA31-684D5BB6531C}.Release|iPhoneSimulator.ActiveCfg = Release|Any CPU
		{E2ED5901-D4FF-492A-AA31-684D5BB6531C}.Release|Mixed Platforms.ActiveCfg = Release|Any CPU
		{E2ED5901-D4FF-492A-AA31-684D5BB6531C}.Release|Mixed Platforms.Build.0 = Release|Any CPU
	EndGlobalSection
	GlobalSection(MonoDevelopProperties) = preSolution
		StartupItem = TipCalc.iOS\TipCalc.iOS.csproj
	EndGlobalSection
	GlobalSection(SolutionProperties) = preSolution
		HideSolutionNode = FALSE
	EndGlobalSection
EndGlobal
