
Microsoft Visual Studio Solution File, Format Version 12.00
# Visual Studio 2013
VisualStudioVersion = 12.0.21005.1
MinimumVisualStudioVersion = 10.0.40219.1
Project("{FAE04EC0-301F-11D3-BF4B-00C04F79EFBC}") = "deleteiOs", "deleteiOs\deleteiOs.csproj", "{B98423F5-1201-4751-94ED-7EABBB915DB0}"
EndProject
Global
	GlobalSection(SolutionConfigurationPlatforms) = preSolution
		Ad-Hoc|iPhone = Ad-Hoc|iPhone
		Ad-Hoc|iPhoneSimulator = Ad-Hoc|iPhoneSimulator
		AppStore|iPhone = AppStore|iPhone
		AppStore|iPhoneSimulator = AppStore|iPhoneSimulator
		Debug|iPhone = Debug|iPhone
		Debug|iPhoneSimulator = Debug|iPhoneSimulator
		Release|iPhone = Release|iPhone
		Release|iPhoneSimulator = Release|iPhoneSimulator
	EndGlobalSection
	GlobalSection(ProjectConfigurationPlatforms) = postSolution
		{B98423F5-1201-4751-94ED-7EABBB915DB0}.Ad-Hoc|iPhone.ActiveCfg = Ad-Hoc|iPhone
		{B98423F5-1201-4751-94ED-7EABBB915DB0}.Ad-Hoc|iPhone.Build.0 = Ad-Hoc|iPhone
		{B98423F5-1201-4751-94ED-7EABBB915DB0}.Ad-Hoc|iPhone.Deploy.0 = Ad-Hoc|iPhone
		{B98423F5-1201-4751-94ED-7EABBB915DB0}.Ad-Hoc|iPhoneSimulator.ActiveCfg = Ad-Hoc|iPhoneSimulator
		{B98423F5-1201-4751-94ED-7EABBB915DB0}.Ad-Hoc|iPhoneSimulator.Build.0 = Ad-Hoc|iPhoneSimulator
		{B98423F5-1201-4751-94ED-7EABBB915DB0}.Ad-Hoc|iPhoneSimulator.Deploy.0 = Ad-Hoc|iPhoneSimulator
		{B98423F5-1201-4751-94ED-7EABBB915DB0}.AppStore|iPhone.ActiveCfg = AppStore|iPhone
		{B98423F5-1201-4751-94ED-7EABBB915DB0}.AppStore|iPhone.Build.0 = AppStore|iPhone
		{B98423F5-1201-4751-94ED-7EABBB915DB0}.AppStore|iPhone.Deploy.0 = AppStore|iPhone
		{B98423F5-1201-4751-94ED-7EABBB915DB0}.AppStore|iPhoneSimulator.ActiveCfg = AppStore|iPhoneSimulator
		{B98423F5-1201-4751-94ED-7EABBB915DB0}.AppStore|iPhoneSimulator.Build.0 = AppStore|iPhoneSimulator
		{B98423F5-1201-4751-94ED-7EABBB915DB0}.AppStore|iPhoneSimulator.Deploy.0 = AppStore|iPhoneSimulator
		{B98423F5-1201-4751-94ED-7EABBB915DB0}.Debug|iPhone.ActiveCfg = Debug|iPhone
		{B98423F5-1201-4751-94ED-7EABBB915DB0}.Debug|iPhone.Build.0 = Debug|iPhone
		{B98423F5-1201-4751-94ED-7EABBB915DB0}.Debug|iPhone.Deploy.0 = Debug|iPhone
		{B98423F5-1201-4751-94ED-7EABBB915DB0}.Debug|iPhoneSimulator.ActiveCfg = Debug|iPhoneSimulator
		{B98423F5-1201-4751-94ED-7EABBB915DB0}.Debug|iPhoneSimulator.Build.0 = Debug|iPhoneSimulator
		{B98423F5-1201-4751-94ED-7EABBB915DB0}.Debug|iPhoneSimulator.Deploy.0 = Debug|iPhoneSimulator
		{B98423F5-1201-4751-94ED-7EABBB915DB0}.Release|iPhone.ActiveCfg = Release|iPhone
		{B98423F5-1201-4751-94ED-7EABBB915DB0}.Release|iPhone.Build.0 = Release|iPhone
		{B98423F5-1201-4751-94ED-7EABBB915DB0}.Release|iPhone.Deploy.0 = Release|iPhone
		{B98423F5-1201-4751-94ED-7EABBB915DB0}.Release|iPhoneSimulator.ActiveCfg = Release|iPhoneSimulator
		{B98423F5-1201-4751-94ED-7EABBB915DB0}.Release|iPhoneSimulator.Build.0 = Release|iPhoneSimulator
		{B98423F5-1201-4751-94ED-7EABBB915DB0}.Release|iPhoneSimulator.Deploy.0 = Release|iPhoneSimulator
	EndGlobalSection
	GlobalSection(SolutionProperties) = preSolution
		HideSolutionNode = FALSE
	EndGlobalSection
EndGlobal
